# THIS IS AN AUTOGENERATED FILE. DO NOT EDIT THIS FILE DIRECTLY.
# yarn lockfile v1


jose@^6.0.13:
  version "6.0.13"
  resolved "https://registry.yarnpkg.com/jose/-/jose-6.0.13.tgz#078563b07e9ab82f0ea6922eca589041e8278a22"
  integrity sha512-Yms4GpbmdANamS51kKK6w4hRlKx8KTxbWyAAKT/MhUMtqbIqh5mb2HjhTNUbk7TFL8/MBB5zWSDohL7ed4k/UA==
